
Microsoft Visual Studio Solution File, Format Version 12.00
# Visual Studio 14
VisualStudioVersion = 14.0.23107.0
MinimumVisualStudioVersion = 10.0.40219.1
Project("{FAE04EC0-301F-11D3-BF4B-00C04F79EFBC}") = "EPOS", "EPOS\EPOS.csproj", "{CA54ADFB-FF09-4CFA-9A49-90DB45D01887}"
EndProject
Project("{FAE04EC0-301F-11D3-BF4B-00C04F79EFBC}") = "EPOS_Business", "EPOS_Business\EPOS_Business.csproj", "{666049C1-B144-4CCE-A519-1FFA8FF1EE59}"
EndProject
Project("{FAE04EC0-301F-11D3-BF4B-00C04F79EFBC}") = "EPOS_DataBase", "EPOS_DataBase\EPOS_DataBase.csproj", "{DBB9CFB0-FF31-43B9-AD4F-8C2B550A0015}"
EndProject
Global
	GlobalSection(SolutionConfigurationPlatforms) = preSolution
		Debug|Any CPU = Debug|Any CPU
		Release|Any CPU = Release|Any CPU
	EndGlobalSection
	GlobalSection(ProjectConfigurationPlatforms) = postSolution
		{CA54ADFB-FF09-4CFA-9A49-90DB45D01887}.Debug|Any CPU.ActiveCfg = Debug|Any CPU
		{CA54ADFB-FF09-4CFA-9A49-90DB45D01887}.Debug|Any CPU.Build.0 = Debug|Any CPU
		{CA54ADFB-FF09-4CFA-9A49-90DB45D01887}.Release|Any CPU.ActiveCfg = Release|Any CPU
		{CA54ADFB-FF09-4CFA-9A49-90DB45D01887}.Release|Any CPU.Build.0 = Release|Any CPU
		{666049C1-B144-4CCE-A519-1FFA8FF1EE59}.Debug|Any CPU.ActiveCfg = Debug|Any CPU
		{666049C1-B144-4CCE-A519-1FFA8FF1EE59}.Debug|Any CPU.Build.0 = Debug|Any CPU
		{666049C1-B144-4CCE-A519-1FFA8FF1EE59}.Release|Any CPU.ActiveCfg = Release|Any CPU
		{666049C1-B144-4CCE-A519-1FFA8FF1EE59}.Release|Any CPU.Build.0 = Release|Any CPU
		{DBB9CFB0-FF31-43B9-AD4F-8C2B550A0015}.Debug|Any CPU.ActiveCfg = Debug|Any CPU
		{DBB9CFB0-FF31-43B9-AD4F-8C2B550A0015}.Debug|Any CPU.Build.0 = Debug|Any CPU
		{DBB9CFB0-FF31-43B9-AD4F-8C2B550A0015}.Release|Any CPU.ActiveCfg = Release|Any CPU
		{DBB9CFB0-FF31-43B9-AD4F-8C2B550A0015}.Release|Any CPU.Build.0 = Release|Any CPU
	EndGlobalSection
	GlobalSection(SolutionProperties) = preSolution
		HideSolutionNode = FALSE
	EndGlobalSection
EndGlobal
